// !$*UTF8*$!
{
	archiveVersion = 1;
	classes = {
	};
	objectVersion = 56;
	objects = {

/* Begin PBXBuildFile section */
		DD179B312A86630E005074B1 /* CategoryViewController.swift in Sources */ = {isa = PBXBuildFile; fileRef = DD179B302A86630E005074B1 /* CategoryViewController.swift */; };
		DD408F732A7FB58300B24DDB /* AppDelegate.swift in Sources */ = {isa = PBXBuildFile; fileRef = DD408F722A7FB58300B24DDB /* AppDelegate.swift */; };
		DD408F752A7FB58300B24DDB /* SceneDelegate.swift in Sources */ = {isa = PBXBuildFile; fileRef = DD408F742A7FB58300B24DDB /* SceneDelegate.swift */; };
		DD408F772A7FB58300B24DDB /* TodoListViewController.swift in Sources */ = {isa = PBXBuildFile; fileRef = DD408F762A7FB58300B24DDB /* TodoListViewController.swift */; };
		DD408F7A2A7FB58300B24DDB /* Main.storyboard in Resources */ = {isa = PBXBuildFile; fileRef = DD408F782A7FB58300B24DDB /* Main.storyboard */; };
		DD408F7C2A7FB58300B24DDB /* Assets.xcassets in Resources */ = {isa = PBXBuildFile; fileRef = DD408F7B2A7FB58300B24DDB /* Assets.xcassets */; };
		DD408F7F2A7FB58300B24DDB /* LaunchScreen.storyboard in Resources */ = {isa = PBXBuildFile; fileRef = DD408F7D2A7FB58300B24DDB /* LaunchScreen.storyboard */; };
		DDAEC59A2A83C55100562F7E /* DataModel.xcdatamodeld in Sources */ = {isa = PBXBuildFile; fileRef = DDAEC5982A83C55100562F7E /* DataModel.xcdatamodeld */; };
/* End PBXBuildFile section */

/* Begin PBXContainerItemProxy section */
		DD408F902A7FB58400B24DDB /* PBXContainerItemProxy */ = {
			isa = PBXContainerItemProxy;
			containerPortal = DD408F672A7FB58300B24DDB /* Project object */;
			proxyType = 1;
			remoteGlobalIDString = DD408F6E2A7FB58300B24DDB;
			remoteInfo = Todoey;
		};
/* End PBXContainerItemProxy section */

/* Begin PBXFileReference section */
		DD179B302A86630E005074B1 /* CategoryViewController.swift */ = {isa = PBXFileReference; lastKnownFileType = sourcecode.swift; path = CategoryViewController.swift; sourceTree = "<group>"; };
		DD408F6F2A7FB58300B24DDB /* Todoey.app */ = {isa = PBXFileReference; explicitFileType = wrapper.application; includeInIndex = 0; path = Todoey.app; sourceTree = BUILT_PRODUCTS_DIR; };
		DD408F722A7FB58300B24DDB /* AppDelegate.swift */ = {isa = PBXFileReference; lastKnownFileType = sourcecode.swift; path = AppDelegate.swift; sourceTree = "<group>"; };
		DD408F742A7FB58300B24DDB /* SceneDelegate.swift */ = {isa = PBXFileReference; lastKnownFileType = sourcecode.swift; path = SceneDelegate.swift; sourceTree = "<group>"; };
		DD408F762A7FB58300B24DDB /* TodoListViewController.swift */ = {isa = PBXFileReference; lastKnownFileType = sourcecode.swift; path = TodoListViewController.swift; sourceTree = "<group>"; };
		DD408F792A7FB58300B24DDB /* Base */ = {isa = PBXFileReference; lastKnownFileType = file.storyboard; name = Base; path = Base.lproj/Main.storyboard; sourceTree = "<group>"; };
		DD408F7B2A7FB58300B24DDB /* Assets.xcassets */ = {isa = PBXFileReference; lastKnownFileType = folder.assetcatalog; path = Assets.xcassets; sourceTree = "<group>"; };
		DD408F7E2A7FB58300B24DDB /* Base */ = {isa = PBXFileReference; lastKnownFileType = file.storyboard; name = Base; path = Base.lproj/LaunchScreen.storyboard; sourceTree = "<group>"; };
		DD408F802A7FB58300B24DDB /* Info.plist */ = {isa = PBXFileReference; lastKnownFileType = text.plist.xml; path = Info.plist; sourceTree = "<group>"; };
		DD408F8F2A7FB58400B24DDB /* TodoeyUITests.xctest */ = {isa = PBXFileReference; explicitFileType = wrapper.cfbundle; includeInIndex = 0; path = TodoeyUITests.xctest; sourceTree = BUILT_PRODUCTS_DIR; };
		DDAEC5992A83C55100562F7E /* DataModel.xcdatamodel */ = {isa = PBXFileReference; lastKnownFileType = wrapper.xcdatamodel; path = DataModel.xcdatamodel; sourceTree = "<group>"; };
		DDCFD04C2A85002F00B22F58 /* Empty.md */ = {isa = PBXFileReference; lastKnownFileType = net.daringfireball.markdown; path = Empty.md; sourceTree = "<group>"; };
/* End PBXFileReference section */

/* Begin PBXFrameworksBuildPhase section */
		DD408F6C2A7FB58300B24DDB /* Frameworks */ = {
			isa = PBXFrameworksBuildPhase;
			buildActionMask = 2147483647;
			files = (
			);
			runOnlyForDeploymentPostprocessing = 0;
		};
		DD408F8C2A7FB58400B24DDB /* Frameworks */ = {
			isa = PBXFrameworksBuildPhase;
			buildActionMask = 2147483647;
			files = (
			);
			runOnlyForDeploymentPostprocessing = 0;
		};
/* End PBXFrameworksBuildPhase section */

/* Begin PBXGroup section */
		DD3A84DD2A827F2200385FA0 /* Supporting Files */ = {
			isa = PBXGroup;
			children = (
				DD408F7D2A7FB58300B24DDB /* LaunchScreen.storyboard */,
				DD408F7B2A7FB58300B24DDB /* Assets.xcassets */,
			);
			path = "Supporting Files";
			sourceTree = "<group>";
		};
		DD408F662A7FB58300B24DDB = {
			isa = PBXGroup;
			children = (
				DD408F712A7FB58300B24DDB /* Todoey */,
				DD408F702A7FB58300B24DDB /* Products */,
			);
			sourceTree = "<group>";
		};
		DD408F702A7FB58300B24DDB /* Products */ = {
			isa = PBXGroup;
			children = (
				DD408F6F2A7FB58300B24DDB /* Todoey.app */,
				DD408F8F2A7FB58400B24DDB /* TodoeyUITests.xctest */,
			);
			name = Products;
			sourceTree = "<group>";
		};
		DD408F712A7FB58300B24DDB /* Todoey */ = {
			isa = PBXGroup;
			children = (
				DD408F722A7FB58300B24DDB /* AppDelegate.swift */,
				DD408F742A7FB58300B24DDB /* SceneDelegate.swift */,
				DD4E398D2A827D66001CB773 /* Model */,
				DD4E398C2A827D5D001CB773 /* Views */,
				DD4E398B2A827D4A001CB773 /* Controllers */,
				DD3A84DD2A827F2200385FA0 /* Supporting Files */,
				DD408F802A7FB58300B24DDB /* Info.plist */,
				DDCFD04C2A85002F00B22F58 /* Empty.md */,
			);
			path = Todoey;
			sourceTree = "<group>";
		};
		DD4E398B2A827D4A001CB773 /* Controllers */ = {
			isa = PBXGroup;
			children = (
				DD179B302A86630E005074B1 /* CategoryViewController.swift */,
				DD408F762A7FB58300B24DDB /* TodoListViewController.swift */,
			);
			path = Controllers;
			sourceTree = "<group>";
		};
		DD4E398C2A827D5D001CB773 /* Views */ = {
			isa = PBXGroup;
			children = (
				DD408F782A7FB58300B24DDB /* Main.storyboard */,
			);
			path = Views;
			sourceTree = "<group>";
		};
		DD4E398D2A827D66001CB773 /* Model */ = {
			isa = PBXGroup;
			children = (
				DDAEC5982A83C55100562F7E /* DataModel.xcdatamodeld */,
			);
			path = Model;
			sourceTree = "<group>";
		};
/* End PBXGroup section */

/* Begin PBXNativeTarget section */
		DD408F6E2A7FB58300B24DDB /* Todoey */ = {
			isa = PBXNativeTarget;
			buildConfigurationList = DD408F992A7FB58400B24DDB /* Build configuration list for PBXNativeTarget "Todoey" */;
			buildPhases = (
				DD408F6B2A7FB58300B24DDB /* Sources */,
				DD408F6C2A7FB58300B24DDB /* Frameworks */,
				DD408F6D2A7FB58300B24DDB /* Resources */,
			);
			buildRules = (
			);
			dependencies = (
			);
			name = Todoey;
			productName = Todoey;
			productReference = DD408F6F2A7FB58300B24DDB /* Todoey.app */;
			productType = "com.apple.product-type.application";
		};
		DD408F8E2A7FB58400B24DDB /* TodoeyUITests */ = {
			isa = PBXNativeTarget;
			buildConfigurationList = DD408F9F2A7FB58400B24DDB /* Build configuration list for PBXNativeTarget "TodoeyUITests" */;
			buildPhases = (
				DD408F8B2A7FB58400B24DDB /* Sources */,
				DD408F8C2A7FB58400B24DDB /* Frameworks */,
				DD408F8D2A7FB58400B24DDB /* Resources */,
			);
			buildRules = (
			);
			dependencies = (
				DD408F912A7FB58400B24DDB /* PBXTargetDependency */,
			);
			name = TodoeyUITests;
			productName = TodoeyUITests;
			productReference = DD408F8F2A7FB58400B24DDB /* TodoeyUITests.xctest */;
			productType = "com.apple.product-type.bundle.ui-testing";
		};
/* End PBXNativeTarget section */

/* Begin PBXProject section */
		DD408F672A7FB58300B24DDB /* Project object */ = {
			isa = PBXProject;
			attributes = {
				BuildIndependentTargetsInParallel = 1;
				LastSwiftUpdateCheck = 1430;
				LastUpgradeCheck = 1430;
				TargetAttributes = {
					DD408F6E2A7FB58300B24DDB = {
						CreatedOnToolsVersion = 14.3.1;
					};
					DD408F8E2A7FB58400B24DDB = {
						CreatedOnToolsVersion = 14.3.1;
						TestTargetID = DD408F6E2A7FB58300B24DDB;
					};
				};
			};
			buildConfigurationList = DD408F6A2A7FB58300B24DDB /* Build configuration list for PBXProject "Todoey" */;
			compatibilityVersion = "Xcode 14.0";
			developmentRegion = en;
			hasScannedForEncodings = 0;
			knownRegions = (
				en,
				Base,
			);
			mainGroup = DD408F662A7FB58300B24DDB;
			productRefGroup = DD408F702A7FB58300B24DDB /* Products */;
			projectDirPath = "";
			projectRoot = "";
			targets = (
				DD408F6E2A7FB58300B24DDB /* Todoey */,
				DD408F8E2A7FB58400B24DDB /* TodoeyUITests */,
			);
		};
/* End PBXProject section */

/* Begin PBXResourcesBuildPhase section */
		DD408F6D2A7FB58300B24DDB /* Resources */ = {
			isa = PBXResourcesBuildPhase;
			buildActionMask = 2147483647;
			files = (
				DD408F7F2A7FB58300B24DDB /* LaunchScreen.storyboard in Resources */,
				DD408F7C2A7FB58300B24DDB /* Assets.xcassets in Resources */,
				DD408F7A2A7FB58300B24DDB /* Main.storyboard in Resources */,
			);
			runOnlyForDeploymentPostprocessing = 0;
		};
		DD408F8D2A7FB58400B24DDB /* Resources */ = {
			isa = PBXResourcesBuildPhase;
			buildActionMask = 2147483647;
			files = (
			);
			runOnlyForDeploymentPostprocessing = 0;
		};
/* End PBXResourcesBuildPhase section */

/* Begin PBXSourcesBuildPhase section */
		DD408F6B2A7FB58300B24DDB /* Sources */ = {
			isa = PBXSourcesBuildPhase;
			buildActionMask = 2147483647;
			files = (
				DD179B312A86630E005074B1 /* CategoryViewController.swift in Sources */,
				DDAEC59A2A83C55100562F7E /* DataModel.xcdatamodeld in Sources */,
				DD408F772A7FB58300B24DDB /* TodoListViewController.swift in Sources */,
				DD408F732A7FB58300B24DDB /* AppDelegate.swift in Sources */,
				DD408F752A7FB58300B24DDB /* SceneDelegate.swift in Sources */,
			);
			runOnlyForDeploymentPostprocessing = 0;
		};
		DD408F8B2A7FB58400B24DDB /* Sources */ = {
			isa = PBXSourcesBuildPhase;
			buildActionMask = 2147483647;
			files = (
			);
			runOnlyForDeploymentPostprocessing = 0;
		};
/* End PBXSourcesBuildPhase section */

/* Begin PBXTargetDependency section */
		DD408F912A7FB58400B24DDB /* PBXTargetDependency */ = {
			isa = PBXTargetDependency;
			target = DD408F6E2A7FB58300B24DDB /* Todoey */;
			targetProxy = DD408F902A7FB58400B24DDB /* PBXContainerItemProxy */;
		};
/* End PBXTargetDependency section */

/* Begin PBXVariantGroup section */
		DD408F782A7FB58300B24DDB /* Main.storyboard */ = {
			isa = PBXVariantGroup;
			children = (
				DD408F792A7FB58300B24DDB /* Base */,
			);
			name = Main.storyboard;
			sourceTree = "<group>";
		};
		DD408F7D2A7FB58300B24DDB /* LaunchScreen.storyboard */ = {
			isa = PBXVariantGroup;
			children = (
				DD408F7E2A7FB58300B24DDB /* Base */,
			);
			name = LaunchScreen.storyboard;
			sourceTree = "<group>";
		};
/* End PBXVariantGroup section */

/* Begin XCBuildConfiguration section */
		DD408F972A7FB58400B24DDB /* Debug */ = {
			isa = XCBuildConfiguration;
			buildSettings = {
				ALWAYS_SEARCH_USER_PATHS = NO;
				CLANG_ANALYZER_NONNULL = YES;
				CLANG_ANALYZER_NUMBER_OBJECT_CONVERSION = YES_AGGRESSIVE;
				CLANG_CXX_LANGUAGE_STANDARD = "gnu++20";
				CLANG_ENABLE_MODULES = YES;
				CLANG_ENABLE_OBJC_ARC = YES;
				CLANG_ENABLE_OBJC_WEAK = YES;
				CLANG_WARN_BLOCK_CAPTURE_AUTORELEASING = YES;
				CLANG_WARN_BOOL_CONVERSION = YES;
				CLANG_WARN_COMMA = YES;
				CLANG_WARN_CONSTANT_CONVERSION = YES;
				CLANG_WARN_DEPRECATED_OBJC_IMPLEMENTATIONS = YES;
				CLANG_WARN_DIRECT_OBJC_ISA_USAGE = YES_ERROR;
				CLANG_WARN_DOCUMENTATION_COMMENTS = YES;
				CLANG_WARN_EMPTY_BODY = YES;
				CLANG_WARN_ENUM_CONVERSION = YES;
				CLANG_WARN_INFINITE_RECURSION = YES;
				CLANG_WARN_INT_CONVERSION = YES;
				CLANG_WARN_NON_LITERAL_NULL_CONVERSION = YES;
				CLANG_WARN_OBJC_IMPLICIT_RETAIN_SELF = YES;
				CLANG_WARN_OBJC_LITERAL_CONVERSION = YES;
				CLANG_WARN_OBJC_ROOT_CLASS = YES_ERROR;
				CLANG_WARN_QUOTED_INCLUDE_IN_FRAMEWORK_HEADER = YES;
				CLANG_WARN_RANGE_LOOP_ANALYSIS = YES;
				CLANG_WARN_STRICT_PROTOTYPES = YES;
				CLANG_WARN_SUSPICIOUS_MOVE = YES;
				CLANG_WARN_UNGUARDED_AVAILABILITY = YES_AGGRESSIVE;
				CLANG_WARN_UNREACHABLE_CODE = YES;
				CLANG_WARN__DUPLICATE_METHOD_MATCH = YES;
				COPY_PHASE_STRIP = NO;
				DEBUG_INFORMATION_FORMAT = dwarf;
				ENABLE_STRICT_OBJC_MSGSEND = YES;
				ENABLE_TESTABILITY = YES;
				GCC_C_LANGUAGE_STANDARD = gnu11;
				GCC_DYNAMIC_NO_PIC = NO;
				GCC_NO_COMMON_BLOCKS = YES;
				GCC_OPTIMIZATION_LEVEL = 0;
				GCC_PREPROCESSOR_DEFINITIONS = (
					"DEBUG=1",
					"$(inherited)",
				);
				GCC_WARN_64_TO_32_BIT_CONVERSION = YES;
				GCC_WARN_ABOUT_RETURN_TYPE = YES_ERROR;
				GCC_WARN_UNDECLARED_SELECTOR = YES;
				GCC_WARN_UNINITIALIZED_AUTOS = YES_AGGRESSIVE;
				GCC_WARN_UNUSED_FUNCTION = YES;
				GCC_WARN_UNUSED_VARIABLE = YES;
				IPHONEOS_DEPLOYMENT_TARGET = 16.4;
				MTL_ENABLE_DEBUG_INFO = INCLUDE_SOURCE;
				MTL_FAST_MATH = YES;
				ONLY_ACTIVE_ARCH = YES;
				SDKROOT = iphoneos;
				SWIFT_ACTIVE_COMPILATION_CONDITIONS = DEBUG;
				SWIFT_OPTIMIZATION_LEVEL = "-Onone";
			};
			name = Debug;
		};
		DD408F982A7FB58400B24DDB /* Release */ = {
			isa = XCBuildConfiguration;
			buildSettings = {
				ALWAYS_SEARCH_USER_PATHS = NO;
				CLANG_ANALYZER_NONNULL = YES;
				CLANG_ANALYZER_NUMBER_OBJECT_CONVERSION = YES_AGGRESSIVE;
				CLANG_CXX_LANGUAGE_STANDARD = "gnu++20";
				CLANG_ENABLE_MODULES = YES;
				CLANG_ENABLE_OBJC_ARC = YES;
				CLANG_ENABLE_OBJC_WEAK = YES;
				CLANG_WARN_BLOCK_CAPTURE_AUTORELEASING = YES;
				CLANG_WARN_BOOL_CONVERSION = YES;
				CLANG_WARN_COMMA = YES;
				CLANG_WARN_CONSTANT_CONVERSION = YES;
				CLANG_WARN_DEPRECATED_OBJC_IMPLEMENTATIONS = YES;
				CLANG_WARN_DIRECT_OBJC_ISA_USAGE = YES_ERROR;
				CLANG_WARN_DOCUMENTATION_COMMENTS = YES;
				CLANG_WARN_EMPTY_BODY = YES;
				CLANG_WARN_ENUM_CONVERSION = YES;
				CLANG_WARN_INFINITE_RECURSION = YES;
				CLANG_WARN_INT_CONVERSION = YES;
				CLANG_WARN_NON_LITERAL_NULL_CONVERSION = YES;
				CLANG_WARN_OBJC_IMPLICIT_RETAIN_SELF = YES;
				CLANG_WARN_OBJC_LITERAL_CONVERSION = YES;
				CLANG_WARN_OBJC_ROOT_CLASS = YES_ERROR;
				CLANG_WARN_QUOTED_INCLUDE_IN_FRAMEWORK_HEADER = YES;
				CLANG_WARN_RANGE_LOOP_ANALYSIS = YES;
				CLANG_WARN_STRICT_PROTOTYPES = YES;
				CLANG_WARN_SUSPICIOUS_MOVE = YES;
				CLANG_WARN_UNGUARDED_AVAILABILITY = YES_AGGRESSIVE;
				CLANG_WARN_UNREACHABLE_CODE = YES;
				CLANG_WARN__DUPLICATE_METHOD_MATCH = YES;
				COPY_PHASE_STRIP = NO;
				DEBUG_INFORMATION_FORMAT = "dwarf-with-dsym";
				ENABLE_NS_ASSERTIONS = NO;
				ENABLE_STRICT_OBJC_MSGSEND = YES;
				GCC_C_LANGUAGE_STANDARD = gnu11;
				GCC_NO_COMMON_BLOCKS = YES;
				GCC_WARN_64_TO_32_BIT_CONVERSION = YES;
				GCC_WARN_ABOUT_RETURN_TYPE = YES_ERROR;
				GCC_WARN_UNDECLARED_SELECTOR = YES;
				GCC_WARN_UNINITIALIZED_AUTOS = YES_AGGRESSIVE;
				GCC_WARN_UNUSED_FUNCTION = YES;
				GCC_WARN_UNUSED_VARIABLE = YES;
				IPHONEOS_DEPLOYMENT_TARGET = 16.4;
				MTL_ENABLE_DEBUG_INFO = NO;
				MTL_FAST_MATH = YES;
				SDKROOT = iphoneos;
				SWIFT_COMPILATION_MODE = wholemodule;
				SWIFT_OPTIMIZATION_LEVEL = "-O";
				VALIDATE_PRODUCT = YES;
			};
			name = Release;
		};
		DD408F9A2A7FB58400B24DDB /* Debug */ = {
			isa = XCBuildConfiguration;
			buildSettings = {
				ASSETCATALOG_COMPILER_APPICON_NAME = AppIcon;
				ASSETCATALOG_COMPILER_GLOBAL_ACCENT_COLOR_NAME = AccentColor;
				CODE_SIGN_STYLE = Automatic;
				CURRENT_PROJECT_VERSION = 1;
				DEVELOPMENT_TEAM = S93TB9WZ8T;
				GENERATE_INFOPLIST_FILE = YES;
				INFOPLIST_FILE = Todoey/Info.plist;
				INFOPLIST_KEY_UIApplicationSupportsIndirectInputEvents = YES;
				INFOPLIST_KEY_UILaunchStoryboardName = LaunchScreen;
				INFOPLIST_KEY_UIMainStoryboardFile = Main;
				INFOPLIST_KEY_UISupportedInterfaceOrientations = UIInterfaceOrientationPortrait;
				IPHONEOS_DEPLOYMENT_TARGET = 13.0;
				LD_RUNPATH_SEARCH_PATHS = (
					"$(inherited)",
					"@executable_path/Frameworks",
				);
				MARKETING_VERSION = 1.0;
				PRODUCT_BUNDLE_IDENTIFIER = co.zelbury.Todoey;
				PRODUCT_NAME = "$(TARGET_NAME)";
				SWIFT_EMIT_LOC_STRINGS = YES;
				SWIFT_VERSION = 5.0;
				TARGETED_DEVICE_FAMILY = "1,2";
			};
			name = Debug;
		};
		DD408F9B2A7FB58400B24DDB /* Release */ = {
			isa = XCBuildConfiguration;
			buildSettings = {
				ASSETCATALOG_COMPILER_APPICON_NAME = AppIcon;
				ASSETCATALOG_COMPILER_GLOBAL_ACCENT_COLOR_NAME = AccentColor;
				CODE_SIGN_STYLE = Automatic;
				CURRENT_PROJECT_VERSION = 1;
				DEVELOPMENT_TEAM = S93TB9WZ8T;
				GENERATE_INFOPLIST_FILE = YES;
				INFOPLIST_FILE = Todoey/Info.plist;
				INFOPLIST_KEY_UIApplicationSupportsIndirectInputEvents = YES;
				INFOPLIST_KEY_UILaunchStoryboardName = LaunchScreen;
				INFOPLIST_KEY_UIMainStoryboardFile = Main;
				INFOPLIST_KEY_UISupportedInterfaceOrientations = UIInterfaceOrientationPortrait;
				IPHONEOS_DEPLOYMENT_TARGET = 13.0;
				LD_RUNPATH_SEARCH_PATHS = (
					"$(inherited)",
					"@executable_path/Frameworks",
				);
				MARKETING_VERSION = 1.0;
				PRODUCT_BUNDLE_IDENTIFIER = co.zelbury.Todoey;
				PRODUCT_NAME = "$(TARGET_NAME)";
				SWIFT_EMIT_LOC_STRINGS = YES;
				SWIFT_VERSION = 5.0;
				TARGETED_DEVICE_FAMILY = "1,2";
			};
			name = Release;
		};
		DD408FA02A7FB58400B24DDB /* Debug */ = {
			isa = XCBuildConfiguration;
			buildSettings = {
				ALWAYS_EMBED_SWIFT_STANDARD_LIBRARIES = YES;
				CODE_SIGN_STYLE = Automatic;
				CURRENT_PROJECT_VERSION = 1;
				DEVELOPMENT_TEAM = S93TB9WZ8T;
				GENERATE_INFOPLIST_FILE = YES;
				MARKETING_VERSION = 1.0;
				PRODUCT_BUNDLE_IDENTIFIER = co.zelbury.TodoeyUITests;
				PRODUCT_NAME = "$(TARGET_NAME)";
				SWIFT_EMIT_LOC_STRINGS = NO;
				SWIFT_VERSION = 5.0;
				TARGETED_DEVICE_FAMILY = "1,2";
				TEST_TARGET_NAME = Todoey;
			};
			name = Debug;
		};
		DD408FA12A7FB58400B24DDB /* Release */ = {
			isa = XCBuildConfiguration;
			buildSettings = {
				ALWAYS_EMBED_SWIFT_STANDARD_LIBRARIES = YES;
				CODE_SIGN_STYLE = Automatic;
				CURRENT_PROJECT_VERSION = 1;
				DEVELOPMENT_TEAM = S93TB9WZ8T;
				GENERATE_INFOPLIST_FILE = YES;
				MARKETING_VERSION = 1.0;
				PRODUCT_BUNDLE_IDENTIFIER = co.zelbury.TodoeyUITests;
				PRODUCT_NAME = "$(TARGET_NAME)";
				SWIFT_EMIT_LOC_STRINGS = NO;
				SWIFT_VERSION = 5.0;
				TARGETED_DEVICE_FAMILY = "1,2";
				TEST_TARGET_NAME = Todoey;
			};
			name = Release;
		};
/* End XCBuildConfiguration section */

/* Begin XCConfigurationList section */
		DD408F6A2A7FB58300B24DDB /* Build configuration list for PBXProject "Todoey" */ = {
			isa = XCConfigurationList;
			buildConfigurations = (
				DD408F972A7FB58400B24DDB /* Debug */,
				DD408F982A7FB58400B24DDB /* Release */,
			);
			defaultConfigurationIsVisible = 0;
			defaultConfigurationName = Release;
		};
		DD408F992A7FB58400B24DDB /* Build configuration list for PBXNativeTarget "Todoey" */ = {
			isa = XCConfigurationList;
			buildConfigurations = (
				DD408F9A2A7FB58400B24DDB /* Debug */,
				DD408F9B2A7FB58400B24DDB /* Release */,
			);
			defaultConfigurationIsVisible = 0;
			defaultConfigurationName = Release;
		};
		DD408F9F2A7FB58400B24DDB /* Build configuration list for PBXNativeTarget "TodoeyUITests" */ = {
			isa = XCConfigurationList;
			buildConfigurations = (
				DD408FA02A7FB58400B24DDB /* Debug */,
				DD408FA12A7FB58400B24DDB /* Release */,
			);
			defaultConfigurationIsVisible = 0;
			defaultConfigurationName = Release;
		};
/* End XCConfigurationList section */

/* Begin XCVersionGroup section */
		DDAEC5982A83C55100562F7E /* DataModel.xcdatamodeld */ = {
			isa = XCVersionGroup;
			children = (
				DDAEC5992A83C55100562F7E /* DataModel.xcdatamodel */,
			);
			currentVersion = DDAEC5992A83C55100562F7E /* DataModel.xcdatamodel */;
			path = DataModel.xcdatamodeld;
			sourceTree = "<group>";
			versionGroupType = wrapper.xcdatamodel;
		};
/* End XCVersionGroup section */
	};
	rootObject = DD408F672A7FB58300B24DDB /* Project object */;
}
